
Microsoft Visual Studio Solution File, Format Version 12.00
# Visual Studio Version 16
VisualStudioVersion = 16.0.28803.202
MinimumVisualStudioVersion = 10.0.40219.1
Project("{9A19103F-16F7-4668-BE54-9A1E7A4F7556}") = "SportsStore", "SportsStore\SportsStore.csproj", "{DD83D06F-B72C-4812-BF97-4843B4F9B1CC}"
EndProject
Project("{FAE04EC0-301F-11D3-BF4B-00C04F79EFBC}") = "SportsStore.Tests", "SportsStore.Tests\SportsStore.Tests.csproj", "{4E921AD0-219E-48D0-A5AD-6E57FE1C2CDD}"
EndProject
Global
	GlobalSection(SolutionConfigurationPlatforms) = preSolution
		Debug|Any CPU = Debug|Any CPU
		Release|Any CPU = Release|Any CPU
	EndGlobalSection
	GlobalSection(ProjectConfigurationPlatforms) = postSolution
		{DD83D06F-B72C-4812-BF97-4843B4F9B1CC}.Debug|Any CPU.ActiveCfg = Debug|Any CPU
		{DD83D06F-B72C-4812-BF97-4843B4F9B1CC}.Debug|Any CPU.Build.0 = Debug|Any CPU
		{DD83D06F-B72C-4812-BF97-4843B4F9B1CC}.Release|Any CPU.ActiveCfg = Release|Any CPU
		{DD83D06F-B72C-4812-BF97-4843B4F9B1CC}.Release|Any CPU.Build.0 = Release|Any CPU
		{4E921AD0-219E-48D0-A5AD-6E57FE1C2CDD}.Debug|Any CPU.ActiveCfg = Debug|Any CPU
		{4E921AD0-219E-48D0-A5AD-6E57FE1C2CDD}.Debug|Any CPU.Build.0 = Debug|Any CPU
		{4E921AD0-219E-48D0-A5AD-6E57FE1C2CDD}.Release|Any CPU.ActiveCfg = Release|Any CPU
		{4E921AD0-219E-48D0-A5AD-6E57FE1C2CDD}.Release|Any CPU.Build.0 = Release|Any CPU
	EndGlobalSection
	GlobalSection(SolutionProperties) = preSolution
		HideSolutionNode = FALSE
	EndGlobalSection
	GlobalSection(ExtensibilityGlobals) = postSolution
		SolutionGuid = {C2A7BA3D-CCE1-47AE-B29F-B08F617886FE}
	EndGlobalSection
EndGlobal
